
Microsoft Visual Studio Solution File, Format Version 12.00
# Visual Studio Version 17
VisualStudioVersion = 17.6.33712.159
MinimumVisualStudioVersion = 10.0.40219.1
Project("{FAE04EC0-301F-11D3-BF4B-00C04F79EFBC}") = "TCCSENAI", "TCCSENAI.csproj", "{CE2A54E9-7CF4-4EF0-8B62-E9E25BF83980}"
EndProject
Global
	GlobalSection(SolutionConfigurationPlatforms) = preSolution
		Debug|Any CPU = Debug|Any CPU
		Release|Any CPU = Release|Any CPU
	EndGlobalSection
	GlobalSection(ProjectConfigurationPlatforms) = postSolution
		{CE2A54E9-7CF4-4EF0-8B62-E9E25BF83980}.Debug|Any CPU.ActiveCfg = Debug|Any CPU
		{CE2A54E9-7CF4-4EF0-8B62-E9E25BF83980}.Debug|Any CPU.Build.0 = Debug|Any CPU
		{CE2A54E9-7CF4-4EF0-8B62-E9E25BF83980}.Release|Any CPU.ActiveCfg = Release|Any CPU
		{CE2A54E9-7CF4-4EF0-8B62-E9E25BF83980}.Release|Any CPU.Build.0 = Release|Any CPU
	EndGlobalSection
	GlobalSection(SolutionProperties) = preSolution
		HideSolutionNode = FALSE
	EndGlobalSection
	GlobalSection(ExtensibilityGlobals) = postSolution
		SolutionGuid = {62FC7C8C-B713-4E96-98CC-513162FD0ECA}
	EndGlobalSection
EndGlobal
